PODS:
  - Flutter (1.0.0)
  - iroh_flutter (1.0.0):
    - Flutter
  - irondash_engine_context (0.0.1):
    - Flutter
  - push (0.0.1):
    - Flutter
    - FlutterMacOS
  - super_native_extensions (0.0.1):
    - Flutter

DEPENDENCIES:
  - Flutter (from `Flutter`)
  - iroh_flutter (from `.symlinks/plugins/iroh_flutter/ios`)
  - irondash_engine_context (from `.symlinks/plugins/irondash_engine_context/ios`)
  - push (from `.symlinks/plugins/push/darwin`)
  - super_native_extensions (from `.symlinks/plugins/super_native_extensions/ios`)

EXTERNAL SOURCES:
  Flutter:
    :path: Flutter
  iroh_flutter:
    :path: ".symlinks/plugins/iroh_flutter/ios"
  irondash_engine_context:
    :path: ".symlinks/plugins/irondash_engine_context/ios"
  push:
    :path: ".symlinks/plugins/push/darwin"
  super_native_extensions:
    :path: ".symlinks/plugins/super_native_extensions/ios"

SPEC CHECKSUMS:
  Flutter: 71a624a5bc0c04062bf19101d501e466baf2fb47
  iroh_flutter: 6e967d7fc90750c43e2e34df28439f7f27f09e5f
  irondash_engine_context: 3458bf979b90d616ffb8ae03a150bafe2e860cc9
  push: dab402f84bedfc62b8e5f6d81db808a7502025f7
  super_native_extensions: 4916b3c627a9c7fffdc48a23a9eca0b1ac228fa7

PODFILE CHECKSUM: 05feb34a54d1cb7daf735c3bbc191fc80d57e480

COCOAPODS: 1.17.0
